// !$*UTF8*$!
{
	archiveVersion = 1;
	classes = {
	};
	objectVersion = 50;
	objects = {

/* Begin PBXBuildFile section */
		3372258CC2D74AD32E8A6CD9 /* Pods_ChessIOSTests.framework in Frameworks */ = {isa = PBXBuildFile; fileRef = 310473CF16B8BB1519967159 /* Pods_ChessIOSTests.framework */; };
		78016BA2A520B0C7E1FBA0B1 /* Pods_ChessIOS.framework in Frameworks */ = {isa = PBXBuildFile; fileRef = 6BB530368D8D6013EB2A963F /* Pods_ChessIOS.framework */; };
		8181DD192492D6D700D39A6F /* GoogleService-Info.plist in Resources */ = {isa = PBXBuildFile; fileRef = 8181DD182492D6D600D39A6F /* GoogleService-Info.plist */; };
		8190DB9124926E210058A0B2 /* AppDelegate.swift in Sources */ = {isa = PBXBuildFile; fileRef = 8190DB9024926E210058A0B2 /* AppDelegate.swift */; };
		8190DB9324926E210058A0B2 /* SignInVC.swift in Sources */ = {isa = PBXBuildFile; fileRef = 8190DB9224926E210058A0B2 /* SignInVC.swift */; };
		8190DB9624926E210058A0B2 /* Main.storyboard in Resources */ = {isa = PBXBuildFile; fileRef = 8190DB9424926E210058A0B2 /* Main.storyboard */; };
		8190DB9824926E230058A0B2 /* Assets.xcassets in Resources */ = {isa = PBXBuildFile; fileRef = 8190DB9724926E230058A0B2 /* Assets.xcassets */; };
		8190DB9B24926E230058A0B2 /* LaunchScreen.storyboard in Resources */ = {isa = PBXBuildFile; fileRef = 8190DB9924926E230058A0B2 /* LaunchScreen.storyboard */; };
		8190DBA624926E230058A0B2 /* ChessIOSTests.swift in Sources */ = {isa = PBXBuildFile; fileRef = 8190DBA524926E230058A0B2 /* ChessIOSTests.swift */; };
		8190DBB4249289940058A0B2 /* SignUpVC.swift in Sources */ = {isa = PBXBuildFile; fileRef = 8190DBB3249289940058A0B2 /* SignUpVC.swift */; };
		8190DBB62492899F0058A0B2 /* Home.swift in Sources */ = {isa = PBXBuildFile; fileRef = 8190DBB52492899F0058A0B2 /* Home.swift */; };
		8190DBB92492C19D0058A0B2 /* DataHandeler.swift in Sources */ = {isa = PBXBuildFile; fileRef = 8190DBB82492C19D0058A0B2 /* DataHandeler.swift */; };
		8190DBBB2492C1A60058A0B2 /* AccountHandeler.swift in Sources */ = {isa = PBXBuildFile; fileRef = 8190DBBA2492C1A60058A0B2 /* AccountHandeler.swift */; };
		81A0AB9724966758002390D0 /* RoundedView.swift in Sources */ = {isa = PBXBuildFile; fileRef = 81A0AB9624966758002390D0 /* RoundedView.swift */; };
		81A0AB9924969111002390D0 /* TicTacToeScene.sks in Resources */ = {isa = PBXBuildFile; fileRef = 81A0AB9824969111002390D0 /* TicTacToeScene.sks */; };
		81A0AB9B2496C715002390D0 /* GameScene.swift in Sources */ = {isa = PBXBuildFile; fileRef = 81A0AB9A2496C715002390D0 /* GameScene.swift */; };
		81A0AB9F2496CAD4002390D0 /* TicTacToeVC.swift in Sources */ = {isa = PBXBuildFile; fileRef = 81A0AB9E2496CAD4002390D0 /* TicTacToeVC.swift */; };
		81AC239A24941AA000E814AA /* ActiveGameTVCell.swift in Sources */ = {isa = PBXBuildFile; fileRef = 81AC239924941AA000E814AA /* ActiveGameTVCell.swift */; };
		81AC239C249448B400E814AA /* SearchUserVC.swift in Sources */ = {isa = PBXBuildFile; fileRef = 81AC239B249448B400E814AA /* SearchUserVC.swift */; };
		81AC239E24944F6400E814AA /* InvitesVC.swift in Sources */ = {isa = PBXBuildFile; fileRef = 81AC239D24944F6400E814AA /* InvitesVC.swift */; };
		81AC23A024944FDB00E814AA /* InviteTVCell.swift in Sources */ = {isa = PBXBuildFile; fileRef = 81AC239F24944FDB00E814AA /* InviteTVCell.swift */; };
		81C3250624993A4700EE60EF /* ResultVC.swift in Sources */ = {isa = PBXBuildFile; fileRef = 81C3250524993A4700EE60EF /* ResultVC.swift */; };
/* End PBXBuildFile section */

/* Begin PBXContainerItemProxy section */
		8190DBA224926E230058A0B2 /* PBXContainerItemProxy */ = {
			isa = PBXContainerItemProxy;
			containerPortal = 8190DB8524926E210058A0B2 /* Project object */;
			proxyType = 1;
			remoteGlobalIDString = 8190DB8C24926E210058A0B2;
			remoteInfo = ChessIOS;
		};
/* End PBXContainerItemProxy section */

/* Begin PBXFileReference section */
		180C38395F8E877C08636E5B /* Pods-ChessIOSTests.debug.xcconfig */ = {isa = PBXFileReference; includeInIndex = 1; lastKnownFileType = text.xcconfig; name = "Pods-ChessIOSTests.debug.xcconfig"; path = "Pods/Target Support Files/Pods-ChessIOSTests/Pods-ChessIOSTests.debug.xcconfig"; sourceTree = "<group>"; };
		310473CF16B8BB1519967159 /* Pods_ChessIOSTests.framework */ = {isa = PBXFileReference; explicitFileType = wrapper.framework; includeInIndex = 0; path = Pods_ChessIOSTests.framework; sourceTree = BUILT_PRODUCTS_DIR; };
		54B9D05B2F95CE81B50FCD45 /* Pods-ChessIOS.release.xcconfig */ = {isa = PBXFileReference; includeInIndex = 1; lastKnownFileType = text.xcconfig; name = "Pods-ChessIOS.release.xcconfig"; path = "Pods/Target Support Files/Pods-ChessIOS/Pods-ChessIOS.release.xcconfig"; sourceTree = "<group>"; };
		6BB530368D8D6013EB2A963F /* Pods_ChessIOS.framework */ = {isa = PBXFileReference; explicitFileType = wrapper.framework; includeInIndex = 0; path = Pods_ChessIOS.framework; sourceTree = BUILT_PRODUCTS_DIR; };
		8181DD182492D6D600D39A6F /* GoogleService-Info.plist */ = {isa = PBXFileReference; fileEncoding = 4; lastKnownFileType = text.plist.xml; path = "GoogleService-Info.plist"; sourceTree = "<group>"; };
		8190DB8D24926E210058A0B2 /* TicTacToeIOS.app */ = {isa = PBXFileReference; explicitFileType = wrapper.application; includeInIndex = 0; path = TicTacToeIOS.app; sourceTree = BUILT_PRODUCTS_DIR; };
		8190DB9024926E210058A0B2 /* AppDelegate.swift */ = {isa = PBXFileReference; lastKnownFileType = sourcecode.swift; path = AppDelegate.swift; sourceTree = "<group>"; };
		8190DB9224926E210058A0B2 /* SignInVC.swift */ = {isa = PBXFileReference; lastKnownFileType = sourcecode.swift; path = SignInVC.swift; sourceTree = "<group>"; };
		8190DB9524926E210058A0B2 /* Base */ = {isa = PBXFileReference; lastKnownFileType = file.storyboard; name = Base; path = Base.lproj/Main.storyboard; sourceTree = "<group>"; };
		8190DB9724926E230058A0B2 /* Assets.xcassets */ = {isa = PBXFileReference; lastKnownFileType = folder.assetcatalog; path = Assets.xcassets; sourceTree = "<group>"; };
		8190DB9A24926E230058A0B2 /* Base */ = {isa = PBXFileReference; lastKnownFileType = file.storyboard; name = Base; path = Base.lproj/LaunchScreen.storyboard; sourceTree = "<group>"; };
		8190DB9C24926E230058A0B2 /* Info.plist */ = {isa = PBXFileReference; lastKnownFileType = text.plist.xml; path = Info.plist; sourceTree = "<group>"; };
		8190DBA124926E230058A0B2 /* TicTacToeIOSTests.xctest */ = {isa = PBXFileReference; explicitFileType = wrapper.cfbundle; includeInIndex = 0; path = TicTacToeIOSTests.xctest; sourceTree = BUILT_PRODUCTS_DIR; };
		8190DBA524926E230058A0B2 /* ChessIOSTests.swift */ = {isa = PBXFileReference; lastKnownFileType = sourcecode.swift; path = ChessIOSTests.swift; sourceTree = "<group>"; };
		8190DBA724926E230058A0B2 /* Info.plist */ = {isa = PBXFileReference; lastKnownFileType = text.plist.xml; path = Info.plist; sourceTree = "<group>"; };
		8190DBB3249289940058A0B2 /* SignUpVC.swift */ = {isa = PBXFileReference; lastKnownFileType = sourcecode.swift; path = SignUpVC.swift; sourceTree = "<group>"; };
		8190DBB52492899F0058A0B2 /* Home.swift */ = {isa = PBXFileReference; lastKnownFileType = sourcecode.swift; path = Home.swift; sourceTree = "<group>"; };
		8190DBB82492C19D0058A0B2 /* DataHandeler.swift */ = {isa = PBXFileReference; lastKnownFileType = sourcecode.swift; path = DataHandeler.swift; sourceTree = "<group>"; };
		8190DBBA2492C1A60058A0B2 /* AccountHandeler.swift */ = {isa = PBXFileReference; lastKnownFileType = sourcecode.swift; path = AccountHandeler.swift; sourceTree = "<group>"; };
		81A0AB9624966758002390D0 /* RoundedView.swift */ = {isa = PBXFileReference; lastKnownFileType = sourcecode.swift; path = RoundedView.swift; sourceTree = "<group>"; };
		81A0AB9824969111002390D0 /* TicTacToeScene.sks */ = {isa = PBXFileReference; lastKnownFileType = file.sks; path = TicTacToeScene.sks; sourceTree = "<group>"; };
		81A0AB9A2496C715002390D0 /* GameScene.swift */ = {isa = PBXFileReference; lastKnownFileType = sourcecode.swift; path = GameScene.swift; sourceTree = "<group>"; };
		81A0AB9E2496CAD4002390D0 /* TicTacToeVC.swift */ = {isa = PBXFileReference; lastKnownFileType = sourcecode.swift; path = TicTacToeVC.swift; sourceTree = "<group>"; };
		81AC239924941AA000E814AA /* ActiveGameTVCell.swift */ = {isa = PBXFileReference; lastKnownFileType = sourcecode.swift; path = ActiveGameTVCell.swift; sourceTree = "<group>"; };
		81AC239B249448B400E814AA /* SearchUserVC.swift */ = {isa = PBXFileReference; lastKnownFileType = sourcecode.swift; path = SearchUserVC.swift; sourceTree = "<group>"; };
		81AC239D24944F6400E814AA /* InvitesVC.swift */ = {isa = PBXFileReference; lastKnownFileType = sourcecode.swift; path = InvitesVC.swift; sourceTree = "<group>"; };
		81AC239F24944FDB00E814AA /* InviteTVCell.swift */ = {isa = PBXFileReference; lastKnownFileType = sourcecode.swift; path = InviteTVCell.swift; sourceTree = "<group>"; };
		81C3250524993A4700EE60EF /* ResultVC.swift */ = {isa = PBXFileReference; lastKnownFileType = sourcecode.swift; path = ResultVC.swift; sourceTree = "<group>"; };
		92809ACFF87ADFC0CDA82A39 /* Pods-ChessIOSTests.release.xcconfig */ = {isa = PBXFileReference; includeInIndex = 1; lastKnownFileType = text.xcconfig; name = "Pods-ChessIOSTests.release.xcconfig"; path = "Pods/Target Support Files/Pods-ChessIOSTests/Pods-ChessIOSTests.release.xcconfig"; sourceTree = "<group>"; };
		B8002028EC20EEEFFAD4AAFE /* Pods-ChessIOS.debug.xcconfig */ = {isa = PBXFileReference; includeInIndex = 1; lastKnownFileType = text.xcconfig; name = "Pods-ChessIOS.debug.xcconfig"; path = "Pods/Target Support Files/Pods-ChessIOS/Pods-ChessIOS.debug.xcconfig"; sourceTree = "<group>"; };
/* End PBXFileReference section */

/* Begin PBXFrameworksBuildPhase section */
		8190DB8A24926E210058A0B2 /* Frameworks */ = {
			isa = PBXFrameworksBuildPhase;
			buildActionMask = 2147483647;
			files = (
				78016BA2A520B0C7E1FBA0B1 /* Pods_ChessIOS.framework in Frameworks */,
			);
			runOnlyForDeploymentPostprocessing = 0;
		};
		8190DB9E24926E230058A0B2 /* Frameworks */ = {
			isa = PBXFrameworksBuildPhase;
			buildActionMask = 2147483647;
			files = (
				3372258CC2D74AD32E8A6CD9 /* Pods_ChessIOSTests.framework in Frameworks */,
			);
			runOnlyForDeploymentPostprocessing = 0;
		};
/* End PBXFrameworksBuildPhase section */

/* Begin PBXGroup section */
		4662F69B34ACE14E0B2399BE /* Pods */ = {
			isa = PBXGroup;
			children = (
				B8002028EC20EEEFFAD4AAFE /* Pods-ChessIOS.debug.xcconfig */,
				54B9D05B2F95CE81B50FCD45 /* Pods-ChessIOS.release.xcconfig */,
				180C38395F8E877C08636E5B /* Pods-ChessIOSTests.debug.xcconfig */,
				92809ACFF87ADFC0CDA82A39 /* Pods-ChessIOSTests.release.xcconfig */,
			);
			name = Pods;
			sourceTree = "<group>";
		};
		73760B7BD82AF0941BBC192D /* Frameworks */ = {
			isa = PBXGroup;
			children = (
				6BB530368D8D6013EB2A963F /* Pods_ChessIOS.framework */,
				310473CF16B8BB1519967159 /* Pods_ChessIOSTests.framework */,
			);
			name = Frameworks;
			sourceTree = "<group>";
		};
		8190DB8424926E200058A0B2 = {
			isa = PBXGroup;
			children = (
				8190DB8F24926E210058A0B2 /* ChessIOS */,
				8190DBA424926E230058A0B2 /* ChessIOSTests */,
				8190DB8E24926E210058A0B2 /* Products */,
				4662F69B34ACE14E0B2399BE /* Pods */,
				73760B7BD82AF0941BBC192D /* Frameworks */,
			);
			sourceTree = "<group>";
		};
		8190DB8E24926E210058A0B2 /* Products */ = {
			isa = PBXGroup;
			children = (
				8190DB8D24926E210058A0B2 /* TicTacToeIOS.app */,
				8190DBA124926E230058A0B2 /* TicTacToeIOSTests.xctest */,
			);
			name = Products;
			sourceTree = "<group>";
		};
		8190DB8F24926E210058A0B2 /* ChessIOS */ = {
			isa = PBXGroup;
			children = (
				8181DD182492D6D600D39A6F /* GoogleService-Info.plist */,
				8190DBB1249289120058A0B2 /* Model */,
				8190DBB2249289170058A0B2 /* View */,
				8190DBB0249288FB0058A0B2 /* Controller */,
				8190DB9024926E210058A0B2 /* AppDelegate.swift */,
				8190DB9424926E210058A0B2 /* Main.storyboard */,
				8190DB9724926E230058A0B2 /* Assets.xcassets */,
				8190DB9924926E230058A0B2 /* LaunchScreen.storyboard */,
				8190DB9C24926E230058A0B2 /* Info.plist */,
			);
			path = ChessIOS;
			sourceTree = "<group>";
		};
		8190DBA424926E230058A0B2 /* ChessIOSTests */ = {
			isa = PBXGroup;
			children = (
				8190DBA524926E230058A0B2 /* ChessIOSTests.swift */,
				8190DBA724926E230058A0B2 /* Info.plist */,
			);
			path = ChessIOSTests;
			sourceTree = "<group>";
		};
		8190DBB0249288FB0058A0B2 /* Controller */ = {
			isa = PBXGroup;
			children = (
				8190DB9224926E210058A0B2 /* SignInVC.swift */,
				8190DBB3249289940058A0B2 /* SignUpVC.swift */,
				8190DBB52492899F0058A0B2 /* Home.swift */,
				81AC239B249448B400E814AA /* SearchUserVC.swift */,
				81AC239D24944F6400E814AA /* InvitesVC.swift */,
				81A0AB9824969111002390D0 /* TicTacToeScene.sks */,
				81A0AB9A2496C715002390D0 /* GameScene.swift */,
				81A0AB9E2496CAD4002390D0 /* TicTacToeVC.swift */,
				81C3250524993A4700EE60EF /* ResultVC.swift */,
			);
			path = Controller;
			sourceTree = "<group>";
		};
		8190DBB1249289120058A0B2 /* Model */ = {
			isa = PBXGroup;
			children = (
				8190DBB82492C19D0058A0B2 /* DataHandeler.swift */,
				8190DBBA2492C1A60058A0B2 /* AccountHandeler.swift */,
				81AC239924941AA000E814AA /* ActiveGameTVCell.swift */,
				81AC239F24944FDB00E814AA /* InviteTVCell.swift */,
			);
			path = Model;
			sourceTree = "<group>";
		};
		8190DBB2249289170058A0B2 /* View */ = {
			isa = PBXGroup;
			children = (
				81A0AB9624966758002390D0 /* RoundedView.swift */,
			);
			path = View;
			sourceTree = "<group>";
		};
/* End PBXGroup section */

/* Begin PBXNativeTarget section */
		8190DB8C24926E210058A0B2 /* TicTacToeIOS */ = {
			isa = PBXNativeTarget;
			buildConfigurationList = 8190DBAA24926E230058A0B2 /* Build configuration list for PBXNativeTarget "TicTacToeIOS" */;
			buildPhases = (
				899C42AEC4805A3F6DC85CC6 /* [CP] Check Pods Manifest.lock */,
				8190DB8924926E210058A0B2 /* Sources */,
				8190DB8A24926E210058A0B2 /* Frameworks */,
				8190DB8B24926E210058A0B2 /* Resources */,
				8190DBB724929C1F0058A0B2 /* ShellScript */,
				44CE9ABD53EF0DC8E33FAE8B /* [CP] Embed Pods Frameworks */,
				E361CD60734FE2E7BFBCAA63 /* [CP] Copy Pods Resources */,
			);
			buildRules = (
			);
			dependencies = (
			);
			name = TicTacToeIOS;
			productName = ChessIOS;
			productReference = 8190DB8D24926E210058A0B2 /* TicTacToeIOS.app */;
			productType = "com.apple.product-type.application";
		};
		8190DBA024926E230058A0B2 /* TicTacToeIOSTests */ = {
			isa = PBXNativeTarget;
			buildConfigurationList = 8190DBAD24926E230058A0B2 /* Build configuration list for PBXNativeTarget "TicTacToeIOSTests" */;
			buildPhases = (
				1FCBC866D8360AC3547211E2 /* [CP] Check Pods Manifest.lock */,
				8190DB9D24926E230058A0B2 /* Sources */,
				8190DB9E24926E230058A0B2 /* Frameworks */,
				8190DB9F24926E230058A0B2 /* Resources */,
			);
			buildRules = (
			);
			dependencies = (
				8190DBA324926E230058A0B2 /* PBXTargetDependency */,
			);
			name = TicTacToeIOSTests;
			productName = ChessIOSTests;
			productReference = 8190DBA124926E230058A0B2 /* TicTacToeIOSTests.xctest */;
			productType = "com.apple.product-type.bundle.unit-test";
		};
/* End PBXNativeTarget section */

/* Begin PBXProject section */
		8190DB8524926E210058A0B2 /* Project object */ = {
			isa = PBXProject;
			attributes = {
				LastSwiftUpdateCheck = 1030;
				LastUpgradeCheck = 1030;
				ORGANIZATIONNAME = "Stefan Holmberg";
				TargetAttributes = {
					8190DB8C24926E210058A0B2 = {
						CreatedOnToolsVersion = 10.3;
					};
					8190DBA024926E230058A0B2 = {
						CreatedOnToolsVersion = 10.3;
						TestTargetID = 8190DB8C24926E210058A0B2;
					};
				};
			};
			buildConfigurationList = 8190DB8824926E210058A0B2 /* Build configuration list for PBXProject "TicTacToeIOS" */;
			compatibilityVersion = "Xcode 9.3";
			developmentRegion = en;
			hasScannedForEncodings = 0;
			knownRegions = (
				en,
				Base,
			);
			mainGroup = 8190DB8424926E200058A0B2;
			productRefGroup = 8190DB8E24926E210058A0B2 /* Products */;
			projectDirPath = "";
			projectRoot = "";
			targets = (
				8190DB8C24926E210058A0B2 /* TicTacToeIOS */,
				8190DBA024926E230058A0B2 /* TicTacToeIOSTests */,
			);
		};
/* End PBXProject section */

/* Begin PBXResourcesBuildPhase section */
		8190DB8B24926E210058A0B2 /* Resources */ = {
			isa = PBXResourcesBuildPhase;
			buildActionMask = 2147483647;
			files = (
				8190DB9B24926E230058A0B2 /* LaunchScreen.storyboard in Resources */,
				8181DD192492D6D700D39A6F /* GoogleService-Info.plist in Resources */,
				81A0AB9924969111002390D0 /* TicTacToeScene.sks in Resources */,
				8190DB9824926E230058A0B2 /* Assets.xcassets in Resources */,
				8190DB9624926E210058A0B2 /* Main.storyboard in Resources */,
			);
			runOnlyForDeploymentPostprocessing = 0;
		};
		8190DB9F24926E230058A0B2 /* Resources */ = {
			isa = PBXResourcesBuildPhase;
			buildActionMask = 2147483647;
			files = (
			);
			runOnlyForDeploymentPostprocessing = 0;
		};
/* End PBXResourcesBuildPhase section */

/* Begin PBXShellScriptBuildPhase section */
		1FCBC866D8360AC3547211E2 /* [CP] Check Pods Manifest.lock */ = {
			isa = PBXShellScriptBuildPhase;
			buildActionMask = 2147483647;
			files = (
			);
			inputPaths = (
				"${PODS_PODFILE_DIR_PATH}/Podfile.lock",
				"${PODS_ROOT}/Manifest.lock",
			);
			name = "[CP] Check Pods Manifest.lock";
			outputPaths = (
				"$(DERIVED_FILE_DIR)/Pods-ChessIOSTests-checkManifestLockResult.txt",
			);
			runOnlyForDeploymentPostprocessing = 0;
			shellPath = /bin/sh;
			shellScript = "diff \"${PODS_PODFILE_DIR_PATH}/Podfile.lock\" \"${PODS_ROOT}/Manifest.lock\" > /dev/null\nif [ $? != 0 ] ; then\n    # print error to STDERR\n    echo \"error: The sandbox is not in sync with the Podfile.lock. Run 'pod install' or update your CocoaPods installation.\" >&2\n    exit 1\nfi\n# This output is used by Xcode 'outputs' to avoid re-running this script phase.\necho \"SUCCESS\" > \"${SCRIPT_OUTPUT_FILE_0}\"\n";
			showEnvVarsInLog = 0;
		};
		44CE9ABD53EF0DC8E33FAE8B /* [CP] Embed Pods Frameworks */ = {
			isa = PBXShellScriptBuildPhase;
			buildActionMask = 2147483647;
			files = (
			);
			inputPaths = (
				"${SRCROOT}/Pods/Target Support Files/Pods-ChessIOS/Pods-ChessIOS-frameworks.sh",
				"${BUILT_PRODUCTS_DIR}/Bolts/Bolts.framework",
				"${BUILT_PRODUCTS_DIR}/BoringSSL-GRPC/openssl_grpc.framework",
				"${BUILT_PRODUCTS_DIR}/FBSDKCoreKit/FBSDKCoreKit.framework",
				"${BUILT_PRODUCTS_DIR}/FBSDKLoginKit/FBSDKLoginKit.framework",
				"${BUILT_PRODUCTS_DIR}/GTMSessionFetcher/GTMSessionFetcher.framework",
				"${BUILT_PRODUCTS_DIR}/GoogleToolboxForMac/GoogleToolboxForMac.framework",
				"${BUILT_PRODUCTS_DIR}/GoogleUtilities/GoogleUtilities.framework",
				"${BUILT_PRODUCTS_DIR}/Protobuf/Protobuf.framework",
				"${BUILT_PRODUCTS_DIR}/SDWebImage/SDWebImage.framework",
				"${PODS_ROOT}/TwitterCore/iOS/TwitterCore.framework",
				"${PODS_ROOT}/TwitterKit/iOS/TwitterKit.framework",
				"${BUILT_PRODUCTS_DIR}/gRPC-C++/grpcpp.framework",
				"${BUILT_PRODUCTS_DIR}/gRPC-Core/grpc.framework",
				"${BUILT_PRODUCTS_DIR}/leveldb-library/leveldb.framework",
				"${BUILT_PRODUCTS_DIR}/nanopb/nanopb.framework",
			);
			name = "[CP] Embed Pods Frameworks";
			outputPaths = (
				"${TARGET_BUILD_DIR}/${FRAMEWORKS_FOLDER_PATH}/Bolts.framework",
				"${TARGET_BUILD_DIR}/${FRAMEWORKS_FOLDER_PATH}/openssl_grpc.framework",
				"${TARGET_BUILD_DIR}/${FRAMEWORKS_FOLDER_PATH}/FBSDKCoreKit.framework",
				"${TARGET_BUILD_DIR}/${FRAMEWORKS_FOLDER_PATH}/FBSDKLoginKit.framework",
				"${TARGET_BUILD_DIR}/${FRAMEWORKS_FOLDER_PATH}/GTMSessionFetcher.framework",
				"${TARGET_BUILD_DIR}/${FRAMEWORKS_FOLDER_PATH}/GoogleToolboxForMac.framework",
				"${TARGET_BUILD_DIR}/${FRAMEWORKS_FOLDER_PATH}/GoogleUtilities.framework",
				"${TARGET_BUILD_DIR}/${FRAMEWORKS_FOLDER_PATH}/Protobuf.framework",
				"${TARGET_BUILD_DIR}/${FRAMEWORKS_FOLDER_PATH}/SDWebImage.framework",
				"${TARGET_BUILD_DIR}/${FRAMEWORKS_FOLDER_PATH}/TwitterCore.framework",
				"${TARGET_BUILD_DIR}/${FRAMEWORKS_FOLDER_PATH}/TwitterKit.framework",
				"${TARGET_BUILD_DIR}/${FRAMEWORKS_FOLDER_PATH}/grpcpp.framework",
				"${TARGET_BUILD_DIR}/${FRAMEWORKS_FOLDER_PATH}/grpc.framework",
				"${TARGET_BUILD_DIR}/${FRAMEWORKS_FOLDER_PATH}/leveldb.framework",
				"${TARGET_BUILD_DIR}/${FRAMEWORKS_FOLDER_PATH}/nanopb.framework",
			);
			runOnlyForDeploymentPostprocessing = 0;
			shellPath = /bin/sh;
			shellScript = "\"${SRCROOT}/Pods/Target Support Files/Pods-ChessIOS/Pods-ChessIOS-frameworks.sh\"\n";
			showEnvVarsInLog = 0;
		};
		8190DBB724929C1F0058A0B2 /* ShellScript */ = {
			isa = PBXShellScriptBuildPhase;
			buildActionMask = 2147483647;
			files = (
			);
			inputPaths = (
			);
			outputPaths = (
			);
			runOnlyForDeploymentPostprocessing = 0;
			shellPath = /bin/sh;
			shellScript = "if which swiftlint >/dev/null; then\nswiftlint\nelse\necho \"warning: SwiftLint not installed, download from https://github.com/realm/SwiftLint\"\nfi\n";
		};
		899C42AEC4805A3F6DC85CC6 /* [CP] Check Pods Manifest.lock */ = {
			isa = PBXShellScriptBuildPhase;
			buildActionMask = 2147483647;
			files = (
			);
			inputPaths = (
				"${PODS_PODFILE_DIR_PATH}/Podfile.lock",
				"${PODS_ROOT}/Manifest.lock",
			);
			name = "[CP] Check Pods Manifest.lock";
			outputPaths = (
				"$(DERIVED_FILE_DIR)/Pods-ChessIOS-checkManifestLockResult.txt",
			);
			runOnlyForDeploymentPostprocessing = 0;
			shellPath = /bin/sh;
			shellScript = "diff \"${PODS_PODFILE_DIR_PATH}/Podfile.lock\" \"${PODS_ROOT}/Manifest.lock\" > /dev/null\nif [ $? != 0 ] ; then\n    # print error to STDERR\n    echo \"error: The sandbox is not in sync with the Podfile.lock. Run 'pod install' or update your CocoaPods installation.\" >&2\n    exit 1\nfi\n# This output is used by Xcode 'outputs' to avoid re-running this script phase.\necho \"SUCCESS\" > \"${SCRIPT_OUTPUT_FILE_0}\"\n";
			showEnvVarsInLog = 0;
		};
		E361CD60734FE2E7BFBCAA63 /* [CP] Copy Pods Resources */ = {
			isa = PBXShellScriptBuildPhase;
			buildActionMask = 2147483647;
			files = (
			);
			inputPaths = (
				"${SRCROOT}/Pods/Target Support Files/Pods-ChessIOS/Pods-ChessIOS-resources.sh",
				"${PODS_CONFIGURATION_BUILD_DIR}/FirebaseUI/FirebaseAnonymousAuthUI.bundle",
				"${PODS_CONFIGURATION_BUILD_DIR}/FirebaseUI/FirebaseAuthUI.bundle",
				"${PODS_CONFIGURATION_BUILD_DIR}/FirebaseUI/FirebaseEmailAuthUI.bundle",
				"${PODS_CONFIGURATION_BUILD_DIR}/FirebaseUI/FirebaseFacebookAuthUI.bundle",
				"${PODS_CONFIGURATION_BUILD_DIR}/FirebaseUI/FirebaseGoogleAuthUI.bundle",
				"${PODS_CONFIGURATION_BUILD_DIR}/FirebaseUI/FirebasePhoneAuthUI.bundle",
				"${PODS_CONFIGURATION_BUILD_DIR}/FirebaseUI/FirebaseTwitterAuthUI.bundle",
				"${PODS_ROOT}/GoogleSignIn/Resources/GoogleSignIn.bundle",
				"${PODS_ROOT}/TwitterKit/iOS/TwitterKit.framework/TwitterKitResources.bundle",
			);
			name = "[CP] Copy Pods Resources";
			outputPaths = (
				"${TARGET_BUILD_DIR}/${UNLOCALIZED_RESOURCES_FOLDER_PATH}/FirebaseAnonymousAuthUI.bundle",
				"${TARGET_BUILD_DIR}/${UNLOCALIZED_RESOURCES_FOLDER_PATH}/FirebaseAuthUI.bundle",
				"${TARGET_BUILD_DIR}/${UNLOCALIZED_RESOURCES_FOLDER_PATH}/FirebaseEmailAuthUI.bundle",
				"${TARGET_BUILD_DIR}/${UNLOCALIZED_RESOURCES_FOLDER_PATH}/FirebaseFacebookAuthUI.bundle",
				"${TARGET_BUILD_DIR}/${UNLOCALIZED_RESOURCES_FOLDER_PATH}/FirebaseGoogleAuthUI.bundle",
				"${TARGET_BUILD_DIR}/${UNLOCALIZED_RESOURCES_FOLDER_PATH}/FirebasePhoneAuthUI.bundle",
				"${TARGET_BUILD_DIR}/${UNLOCALIZED_RESOURCES_FOLDER_PATH}/FirebaseTwitterAuthUI.bundle",
				"${TARGET_BUILD_DIR}/${UNLOCALIZED_RESOURCES_FOLDER_PATH}/GoogleSignIn.bundle",
				"${TARGET_BUILD_DIR}/${UNLOCALIZED_RESOURCES_FOLDER_PATH}/TwitterKitResources.bundle",
			);
			runOnlyForDeploymentPostprocessing = 0;
			shellPath = /bin/sh;
			shellScript = "\"${SRCROOT}/Pods/Target Support Files/Pods-ChessIOS/Pods-ChessIOS-resources.sh\"\n";
			showEnvVarsInLog = 0;
		};
/* End PBXShellScriptBuildPhase section */

/* Begin PBXSourcesBuildPhase section */
		8190DB8924926E210058A0B2 /* Sources */ = {
			isa = PBXSourcesBuildPhase;
			buildActionMask = 2147483647;
			files = (
				8190DB9324926E210058A0B2 /* SignInVC.swift in Sources */,
				8190DBB92492C19D0058A0B2 /* DataHandeler.swift in Sources */,
				81AC239E24944F6400E814AA /* InvitesVC.swift in Sources */,
				8190DBB4249289940058A0B2 /* SignUpVC.swift in Sources */,
				81AC239C249448B400E814AA /* SearchUserVC.swift in Sources */,
				8190DBB62492899F0058A0B2 /* Home.swift in Sources */,
				81A0AB9B2496C715002390D0 /* GameScene.swift in Sources */,
				81AC23A024944FDB00E814AA /* InviteTVCell.swift in Sources */,
				81A0AB9F2496CAD4002390D0 /* TicTacToeVC.swift in Sources */,
				81AC239A24941AA000E814AA /* ActiveGameTVCell.swift in Sources */,
				8190DBBB2492C1A60058A0B2 /* AccountHandeler.swift in Sources */,
				81C3250624993A4700EE60EF /* ResultVC.swift in Sources */,
				81A0AB9724966758002390D0 /* RoundedView.swift in Sources */,
				8190DB9124926E210058A0B2 /* AppDelegate.swift in Sources */,
			);
			runOnlyForDeploymentPostprocessing = 0;
		};
		8190DB9D24926E230058A0B2 /* Sources */ = {
			isa = PBXSourcesBuildPhase;
			buildActionMask = 2147483647;
			files = (
				8190DBA624926E230058A0B2 /* ChessIOSTests.swift in Sources */,
			);
			runOnlyForDeploymentPostprocessing = 0;
		};
/* End PBXSourcesBuildPhase section */

/* Begin PBXTargetDependency section */
		8190DBA324926E230058A0B2 /* PBXTargetDependency */ = {
			isa = PBXTargetDependency;
			target = 8190DB8C24926E210058A0B2 /* TicTacToeIOS */;
			targetProxy = 8190DBA224926E230058A0B2 /* PBXContainerItemProxy */;
		};
/* End PBXTargetDependency section */

/* Begin PBXVariantGroup section */
		8190DB9424926E210058A0B2 /* Main.storyboard */ = {
			isa = PBXVariantGroup;
			children = (
				8190DB9524926E210058A0B2 /* Base */,
			);
			name = Main.storyboard;
			sourceTree = "<group>";
		};
		8190DB9924926E230058A0B2 /* LaunchScreen.storyboard */ = {
			isa = PBXVariantGroup;
			children = (
				8190DB9A24926E230058A0B2 /* Base */,
			);
			name = LaunchScreen.storyboard;
			sourceTree = "<group>";
		};
/* End PBXVariantGroup section */

/* Begin XCBuildConfiguration section */
		8190DBA824926E230058A0B2 /* Debug */ = {
			isa = XCBuildConfiguration;
			buildSettings = {
				ALWAYS_SEARCH_USER_PATHS = NO;
				CLANG_ANALYZER_NONNULL = YES;
				CLANG_ANALYZER_NUMBER_OBJECT_CONVERSION = YES_AGGRESSIVE;
				CLANG_CXX_LANGUAGE_STANDARD = "gnu++14";
				CLANG_CXX_LIBRARY = "libc++";
				CLANG_ENABLE_MODULES = YES;
				CLANG_ENABLE_OBJC_ARC = YES;
				CLANG_ENABLE_OBJC_WEAK = YES;
				CLANG_WARN_BLOCK_CAPTURE_AUTORELEASING = YES;
				CLANG_WARN_BOOL_CONVERSION = YES;
				CLANG_WARN_COMMA = YES;
				CLANG_WARN_CONSTANT_CONVERSION = YES;
				CLANG_WARN_DEPRECATED_OBJC_IMPLEMENTATIONS = YES;
				CLANG_WARN_DIRECT_OBJC_ISA_USAGE = YES_ERROR;
				CLANG_WARN_DOCUMENTATION_COMMENTS = YES;
				CLANG_WARN_EMPTY_BODY = YES;
				CLANG_WARN_ENUM_CONVERSION = YES;
				CLANG_WARN_INFINITE_RECURSION = YES;
				CLANG_WARN_INT_CONVERSION = YES;
				CLANG_WARN_NON_LITERAL_NULL_CONVERSION = YES;
				CLANG_WARN_OBJC_IMPLICIT_RETAIN_SELF = YES;
				CLANG_WARN_OBJC_LITERAL_CONVERSION = YES;
				CLANG_WARN_OBJC_ROOT_CLASS = YES_ERROR;
				CLANG_WARN_RANGE_LOOP_ANALYSIS = YES;
				CLANG_WARN_STRICT_PROTOTYPES = YES;
				CLANG_WARN_SUSPICIOUS_MOVE = YES;
				CLANG_WARN_UNGUARDED_AVAILABILITY = YES_AGGRESSIVE;
				CLANG_WARN_UNREACHABLE_CODE = YES;
				CLANG_WARN__DUPLICATE_METHOD_MATCH = YES;
				CODE_SIGN_IDENTITY = "iPhone Developer";
				COPY_PHASE_STRIP = NO;
				DEBUG_INFORMATION_FORMAT = dwarf;
				ENABLE_STRICT_OBJC_MSGSEND = YES;
				ENABLE_TESTABILITY = YES;
				GCC_C_LANGUAGE_STANDARD = gnu11;
				GCC_DYNAMIC_NO_PIC = NO;
				GCC_NO_COMMON_BLOCKS = YES;
				GCC_OPTIMIZATION_LEVEL = 0;
				GCC_PREPROCESSOR_DEFINITIONS = (
					"DEBUG=1",
					"$(inherited)",
				);
				GCC_WARN_64_TO_32_BIT_CONVERSION = YES;
				GCC_WARN_ABOUT_RETURN_TYPE = YES_ERROR;
				GCC_WARN_UNDECLARED_SELECTOR = YES;
				GCC_WARN_UNINITIALIZED_AUTOS = YES_AGGRESSIVE;
				GCC_WARN_UNUSED_FUNCTION = YES;
				GCC_WARN_UNUSED_VARIABLE = YES;
				IPHONEOS_DEPLOYMENT_TARGET = 12.4;
				MTL_ENABLE_DEBUG_INFO = INCLUDE_SOURCE;
				MTL_FAST_MATH = YES;
				ONLY_ACTIVE_ARCH = YES;
				SDKROOT = iphoneos;
				SWIFT_ACTIVE_COMPILATION_CONDITIONS = DEBUG;
				SWIFT_OPTIMIZATION_LEVEL = "-Onone";
			};
			name = Debug;
		};
		8190DBA924926E230058A0B2 /* Release */ = {
			isa = XCBuildConfiguration;
			buildSettings = {
				ALWAYS_SEARCH_USER_PATHS = NO;
				CLANG_ANALYZER_NONNULL = YES;
				CLANG_ANALYZER_NUMBER_OBJECT_CONVERSION = YES_AGGRESSIVE;
				CLANG_CXX_LANGUAGE_STANDARD = "gnu++14";
				CLANG_CXX_LIBRARY = "libc++";
				CLANG_ENABLE_MODULES = YES;
				CLANG_ENABLE_OBJC_ARC = YES;
				CLANG_ENABLE_OBJC_WEAK = YES;
				CLANG_WARN_BLOCK_CAPTURE_AUTORELEASING = YES;
				CLANG_WARN_BOOL_CONVERSION = YES;
				CLANG_WARN_COMMA = YES;
				CLANG_WARN_CONSTANT_CONVERSION = YES;
				CLANG_WARN_DEPRECATED_OBJC_IMPLEMENTATIONS = YES;
				CLANG_WARN_DIRECT_OBJC_ISA_USAGE = YES_ERROR;
				CLANG_WARN_DOCUMENTATION_COMMENTS = YES;
				CLANG_WARN_EMPTY_BODY = YES;
				CLANG_WARN_ENUM_CONVERSION = YES;
				CLANG_WARN_INFINITE_RECURSION = YES;
				CLANG_WARN_INT_CONVERSION = YES;
				CLANG_WARN_NON_LITERAL_NULL_CONVERSION = YES;
				CLANG_WARN_OBJC_IMPLICIT_RETAIN_SELF = YES;
				CLANG_WARN_OBJC_LITERAL_CONVERSION = YES;
				CLANG_WARN_OBJC_ROOT_CLASS = YES_ERROR;
				CLANG_WARN_RANGE_LOOP_ANALYSIS = YES;
				CLANG_WARN_STRICT_PROTOTYPES = YES;
				CLANG_WARN_SUSPICIOUS_MOVE = YES;
				CLANG_WARN_UNGUARDED_AVAILABILITY = YES_AGGRESSIVE;
				CLANG_WARN_UNREACHABLE_CODE = YES;
				CLANG_WARN__DUPLICATE_METHOD_MATCH = YES;
				CODE_SIGN_IDENTITY = "iPhone Developer";
				COPY_PHASE_STRIP = NO;
				DEBUG_INFORMATION_FORMAT = "dwarf-with-dsym";
				ENABLE_NS_ASSERTIONS = NO;
				ENABLE_STRICT_OBJC_MSGSEND = YES;
				GCC_C_LANGUAGE_STANDARD = gnu11;
				GCC_NO_COMMON_BLOCKS = YES;
				GCC_WARN_64_TO_32_BIT_CONVERSION = YES;
				GCC_WARN_ABOUT_RETURN_TYPE = YES_ERROR;
				GCC_WARN_UNDECLARED_SELECTOR = YES;
				GCC_WARN_UNINITIALIZED_AUTOS = YES_AGGRESSIVE;
				GCC_WARN_UNUSED_FUNCTION = YES;
				GCC_WARN_UNUSED_VARIABLE = YES;
				IPHONEOS_DEPLOYMENT_TARGET = 12.4;
				MTL_ENABLE_DEBUG_INFO = NO;
				MTL_FAST_MATH = YES;
				SDKROOT = iphoneos;
				SWIFT_COMPILATION_MODE = wholemodule;
				SWIFT_OPTIMIZATION_LEVEL = "-O";
				VALIDATE_PRODUCT = YES;
			};
			name = Release;
		};
		8190DBAB24926E230058A0B2 /* Debug */ = {
			isa = XCBuildConfiguration;
			baseConfigurationReference = B8002028EC20EEEFFAD4AAFE /* Pods-ChessIOS.debug.xcconfig */;
			buildSettings = {
				ASSETCATALOG_COMPILER_APPICON_NAME = AppIcon;
				CODE_SIGN_STYLE = Automatic;
				DEVELOPMENT_TEAM = ZP42QG593K;
				INFOPLIST_FILE = ChessIOS/Info.plist;
				LD_RUNPATH_SEARCH_PATHS = (
					"$(inherited)",
					"@executable_path/Frameworks",
				);
				PRODUCT_BUNDLE_IDENTIFIER = se.stefanholmberg.ChessIOS;
				PRODUCT_NAME = TicTacToeIOS;
				SWIFT_VERSION = 5.0;
				TARGETED_DEVICE_FAMILY = "1,2";
			};
			name = Debug;
		};
		8190DBAC24926E230058A0B2 /* Release */ = {
			isa = XCBuildConfiguration;
			baseConfigurationReference = 54B9D05B2F95CE81B50FCD45 /* Pods-ChessIOS.release.xcconfig */;
			buildSettings = {
				ASSETCATALOG_COMPILER_APPICON_NAME = AppIcon;
				CODE_SIGN_STYLE = Automatic;
				DEVELOPMENT_TEAM = ZP42QG593K;
				INFOPLIST_FILE = ChessIOS/Info.plist;
				LD_RUNPATH_SEARCH_PATHS = (
					"$(inherited)",
					"@executable_path/Frameworks",
				);
				PRODUCT_BUNDLE_IDENTIFIER = se.stefanholmberg.ChessIOS;
				PRODUCT_NAME = TicTacToeIOS;
				SWIFT_VERSION = 5.0;
				TARGETED_DEVICE_FAMILY = "1,2";
			};
			name = Release;
		};
		8190DBAE24926E230058A0B2 /* Debug */ = {
			isa = XCBuildConfiguration;
			baseConfigurationReference = 180C38395F8E877C08636E5B /* Pods-ChessIOSTests.debug.xcconfig */;
			buildSettings = {
				ALWAYS_EMBED_SWIFT_STANDARD_LIBRARIES = YES;
				BUNDLE_LOADER = "$(TEST_HOST)";
				CODE_SIGN_STYLE = Automatic;
				DEVELOPMENT_TEAM = ZP42QG593K;
				INFOPLIST_FILE = ChessIOSTests/Info.plist;
				LD_RUNPATH_SEARCH_PATHS = (
					"$(inherited)",
					"@executable_path/Frameworks",
					"@loader_path/Frameworks",
				);
				PRODUCT_BUNDLE_IDENTIFIER = se.stefanholmberg.ChessIOSTests;
				PRODUCT_NAME = "$(TARGET_NAME)";
				SWIFT_VERSION = 5.0;
				TARGETED_DEVICE_FAMILY = "1,2";
				TEST_HOST = "$(BUILT_PRODUCTS_DIR)/TicTacToeIOS.app/TicTacToeIOS";
			};
			name = Debug;
		};
		8190DBAF24926E230058A0B2 /* Release */ = {
			isa = XCBuildConfiguration;
			baseConfigurationReference = 92809ACFF87ADFC0CDA82A39 /* Pods-ChessIOSTests.release.xcconfig */;
			buildSettings = {
				ALWAYS_EMBED_SWIFT_STANDARD_LIBRARIES = YES;
				BUNDLE_LOADER = "$(TEST_HOST)";
				CODE_SIGN_STYLE = Automatic;
				DEVELOPMENT_TEAM = ZP42QG593K;
				INFOPLIST_FILE = ChessIOSTests/Info.plist;
				LD_RUNPATH_SEARCH_PATHS = (
					"$(inherited)",
					"@executable_path/Frameworks",
					"@loader_path/Frameworks",
				);
				PRODUCT_BUNDLE_IDENTIFIER = se.stefanholmberg.ChessIOSTests;
				PRODUCT_NAME = "$(TARGET_NAME)";
				SWIFT_VERSION = 5.0;
				TARGETED_DEVICE_FAMILY = "1,2";
				TEST_HOST = "$(BUILT_PRODUCTS_DIR)/TicTacToeIOS.app/TicTacToeIOS";
			};
			name = Release;
		};
/* End XCBuildConfiguration section */

/* Begin XCConfigurationList section */
		8190DB8824926E210058A0B2 /* Build configuration list for PBXProject "TicTacToeIOS" */ = {
			isa = XCConfigurationList;
			buildConfigurations = (
				8190DBA824926E230058A0B2 /* Debug */,
				8190DBA924926E230058A0B2 /* Release */,
			);
			defaultConfigurationIsVisible = 0;
			defaultConfigurationName = Release;
		};
		8190DBAA24926E230058A0B2 /* Build configuration list for PBXNativeTarget "TicTacToeIOS" */ = {
			isa = XCConfigurationList;
			buildConfigurations = (
				8190DBAB24926E230058A0B2 /* Debug */,
				8190DBAC24926E230058A0B2 /* Release */,
			);
			defaultConfigurationIsVisible = 0;
			defaultConfigurationName = Release;
		};
		8190DBAD24926E230058A0B2 /* Build configuration list for PBXNativeTarget "TicTacToeIOSTests" */ = {
			isa = XCConfigurationList;
			buildConfigurations = (
				8190DBAE24926E230058A0B2 /* Debug */,
				8190DBAF24926E230058A0B2 /* Release */,
			);
			defaultConfigurationIsVisible = 0;
			defaultConfigurationName = Release;
		};
/* End XCConfigurationList section */
	};
	rootObject = 8190DB8524926E210058A0B2 /* Project object */;
}
